
Microsoft Visual Studio Solution File, Format Version 12.00
# Visual Studio 2013
VisualStudioVersion = 12.0.21005.1
MinimumVisualStudioVersion = 10.0.40219.1
Project("{FAE04EC0-301F-11D3-BF4B-00C04F79EFBC}") = "Unleashed.Core.Inventory", "Unleashed.Core.Inventory\Unleashed.Core.Inventory.csproj", "{CB3790C9-2E2E-40E0-BDD2-D96A4F1043DC}"
EndProject
Project("{2150E333-8FDC-42A3-9474-1A3956D46DE8}") = "Core", "Core", "{3E7CC2FA-76B3-427F-8306-B88E5931DAB7}"
EndProject
Project("{FAE04EC0-301F-11D3-BF4B-00C04F79EFBC}") = "Unleashed.Core.Inventory.Shared", "Unleashed.Core.Inventory.Shared\Unleashed.Core.Inventory.Shared.csproj", "{7608CC1A-6CED-49F4-A069-2255FD615E6E}"
EndProject
Global
	GlobalSection(SolutionConfigurationPlatforms) = preSolution
		Debug|Any CPU = Debug|Any CPU
		Release|Any CPU = Release|Any CPU
	EndGlobalSection
	GlobalSection(ProjectConfigurationPlatforms) = postSolution
		{CB3790C9-2E2E-40E0-BDD2-D96A4F1043DC}.Debug|Any CPU.ActiveCfg = Debug|Any CPU
		{CB3790C9-2E2E-40E0-BDD2-D96A4F1043DC}.Debug|Any CPU.Build.0 = Debug|Any CPU
		{CB3790C9-2E2E-40E0-BDD2-D96A4F1043DC}.Release|Any CPU.ActiveCfg = Release|Any CPU
		{CB3790C9-2E2E-40E0-BDD2-D96A4F1043DC}.Release|Any CPU.Build.0 = Release|Any CPU
		{7608CC1A-6CED-49F4-A069-2255FD615E6E}.Debug|Any CPU.ActiveCfg = Debug|Any CPU
		{7608CC1A-6CED-49F4-A069-2255FD615E6E}.Debug|Any CPU.Build.0 = Debug|Any CPU
		{7608CC1A-6CED-49F4-A069-2255FD615E6E}.Release|Any CPU.ActiveCfg = Release|Any CPU
		{7608CC1A-6CED-49F4-A069-2255FD615E6E}.Release|Any CPU.Build.0 = Release|Any CPU
	EndGlobalSection
	GlobalSection(SolutionProperties) = preSolution
		HideSolutionNode = FALSE
	EndGlobalSection
	GlobalSection(NestedProjects) = preSolution
		{CB3790C9-2E2E-40E0-BDD2-D96A4F1043DC} = {3E7CC2FA-76B3-427F-8306-B88E5931DAB7}
		{7608CC1A-6CED-49F4-A069-2255FD615E6E} = {3E7CC2FA-76B3-427F-8306-B88E5931DAB7}
	EndGlobalSection
EndGlobal
